// !$*UTF8*$!
{
	archiveVersion = 1;
	classes = {
	};
	objectVersion = 70;
	objects = {

/* Begin PBXBuildFile section */
		182159592CBEB388008BA2AD /* Assets.xcassets in Resources */ = {isa = PBXBuildFile; fileRef = 182159542CBEB388008BA2AD /* Assets.xcassets */; };
		1821595C2CBEB388008BA2AD /* AppDelegate.swift in Sources */ = {isa = PBXBuildFile; fileRef = 1821594A2CBEB388008BA2AD /* AppDelegate.swift */; };
		1821595D2CBEB388008BA2AD /* CallManager.swift in Sources */ = {isa = PBXBuildFile; fileRef = 1821594C2CBEB388008BA2AD /* CallManager.swift */; };
		1821595E2CBEB388008BA2AD /* HomeController.swift in Sources */ = {isa = PBXBuildFile; fileRef = 1821594E2CBEB388008BA2AD /* HomeController.swift */; };
		1821595F2CBEB388008BA2AD /* IncomingCallController.swift in Sources */ = {isa = PBXBuildFile; fileRef = 1821594F2CBEB388008BA2AD /* IncomingCallController.swift */; };
		182159602CBEB388008BA2AD /* Constants.swift in Sources */ = {isa = PBXBuildFile; fileRef = 182159512CBEB388008BA2AD /* Constants.swift */; };
		182159612CBEB388008BA2AD /* CustomViews.swift in Sources */ = {isa = PBXBuildFile; fileRef = 182159522CBEB388008BA2AD /* CustomViews.swift */; };
		182159622CBEB388008BA2AD /* Constants.swift in Sources */ = {isa = PBXBuildFile; fileRef = 182159512CBEB388008BA2AD /* Constants.swift */; };
		182159632CBEB388008BA2AD /* Assets.xcassets in Resources */ = {isa = PBXBuildFile; fileRef = 182159542CBEB388008BA2AD /* Assets.xcassets */; };
		182159642CBEB388008BA2AD /* Base in Resources */ = {isa = PBXBuildFile; fileRef = 182159562CBEB388008BA2AD /* Base */; };
		18E026702CBE73C9008F247C /* UserNotifications.framework in Frameworks */ = {isa = PBXBuildFile; fileRef = 18E0266F2CBE73C8008F247C /* UserNotifications.framework */; };
		18E026722CBE73C9008F247C /* UserNotificationsUI.framework in Frameworks */ = {isa = PBXBuildFile; fileRef = 18E026712CBE73C9008F247C /* UserNotificationsUI.framework */; };
		18E0267C2CBE73C9008F247C /* CustomNotification.appex in Embed Foundation Extensions */ = {isa = PBXBuildFile; fileRef = 18E0266D2CBE73C8008F247C /* CustomNotification.appex */; settings = {ATTRIBUTES = (RemoveHeadersOnCopy, ); }; };
/* End PBXBuildFile section */

/* Begin PBXContainerItemProxy section */
		18E0267A2CBE73C9008F247C /* PBXContainerItemProxy */ = {
			isa = PBXContainerItemProxy;
			containerPortal = 080A18812CBA720A00061574 /* Project object */;
			proxyType = 1;
			remoteGlobalIDString = 18E0266C2CBE73C8008F247C;
			remoteInfo = CustomNotification;
		};
/* End PBXContainerItemProxy section */

/* Begin PBXCopyFilesBuildPhase section */
		18E026812CBE73C9008F247C /* Embed Foundation Extensions */ = {
			isa = PBXCopyFilesBuildPhase;
			buildActionMask = 2147483647;
			dstPath = "";
			dstSubfolderSpec = 13;
			files = (
				18E0267C2CBE73C9008F247C /* CustomNotification.appex in Embed Foundation Extensions */,
			);
			name = "Embed Foundation Extensions";
			runOnlyForDeploymentPostprocessing = 0;
		};
/* End PBXCopyFilesBuildPhase section */

/* Begin PBXFileReference section */
		080A18892CBA720A00061574 /* DemoAssignmentIA.app */ = {isa = PBXFileReference; explicitFileType = wrapper.application; includeInIndex = 0; path = DemoAssignmentIA.app; sourceTree = BUILT_PRODUCTS_DIR; };
		1821594A2CBEB388008BA2AD /* AppDelegate.swift */ = {isa = PBXFileReference; lastKnownFileType = sourcecode.swift; path = AppDelegate.swift; sourceTree = "<group>"; };
		1821594C2CBEB388008BA2AD /* CallManager.swift */ = {isa = PBXFileReference; lastKnownFileType = sourcecode.swift; path = CallManager.swift; sourceTree = "<group>"; };
		1821594E2CBEB388008BA2AD /* HomeController.swift */ = {isa = PBXFileReference; lastKnownFileType = sourcecode.swift; path = HomeController.swift; sourceTree = "<group>"; };
		1821594F2CBEB388008BA2AD /* IncomingCallController.swift */ = {isa = PBXFileReference; lastKnownFileType = sourcecode.swift; path = IncomingCallController.swift; sourceTree = "<group>"; };
		182159512CBEB388008BA2AD /* Constants.swift */ = {isa = PBXFileReference; lastKnownFileType = sourcecode.swift; path = Constants.swift; sourceTree = "<group>"; };
		182159522CBEB388008BA2AD /* CustomViews.swift */ = {isa = PBXFileReference; lastKnownFileType = sourcecode.swift; path = CustomViews.swift; sourceTree = "<group>"; };
		182159542CBEB388008BA2AD /* Assets.xcassets */ = {isa = PBXFileReference; lastKnownFileType = folder.assetcatalog; path = Assets.xcassets; sourceTree = "<group>"; };
		182159552CBEB388008BA2AD /* Info.plist */ = {isa = PBXFileReference; lastKnownFileType = text.plist.xml; path = Info.plist; sourceTree = "<group>"; };
		182159562CBEB388008BA2AD /* Base */ = {isa = PBXFileReference; lastKnownFileType = file.storyboard; name = Base; path = Base.lproj/LaunchScreen.storyboard; sourceTree = "<group>"; };
		18E0266D2CBE73C8008F247C /* CustomNotification.appex */ = {isa = PBXFileReference; explicitFileType = "wrapper.app-extension"; includeInIndex = 0; path = CustomNotification.appex; sourceTree = BUILT_PRODUCTS_DIR; };
		18E0266F2CBE73C8008F247C /* UserNotifications.framework */ = {isa = PBXFileReference; lastKnownFileType = wrapper.framework; name = UserNotifications.framework; path = System/Library/Frameworks/UserNotifications.framework; sourceTree = SDKROOT; };
		18E026712CBE73C9008F247C /* UserNotificationsUI.framework */ = {isa = PBXFileReference; lastKnownFileType = wrapper.framework; name = UserNotificationsUI.framework; path = System/Library/Frameworks/UserNotificationsUI.framework; sourceTree = SDKROOT; };
/* End PBXFileReference section */

/* Begin PBXFileSystemSynchronizedBuildFileExceptionSet section */
		18E0267D2CBE73C9008F247C /* PBXFileSystemSynchronizedBuildFileExceptionSet */ = {
			isa = PBXFileSystemSynchronizedBuildFileExceptionSet;
			membershipExceptions = (
				Info.plist,
			);
			target = 18E0266C2CBE73C8008F247C /* CustomNotification */;
		};
/* End PBXFileSystemSynchronizedBuildFileExceptionSet section */

/* Begin PBXFileSystemSynchronizedRootGroup section */
		18E026732CBE73C9008F247C /* CustomNotification */ = {isa = PBXFileSystemSynchronizedRootGroup; exceptions = (18E0267D2CBE73C9008F247C /* PBXFileSystemSynchronizedBuildFileExceptionSet */, ); explicitFileTypes = {}; explicitFolders = (); path = CustomNotification; sourceTree = "<group>"; };
/* End PBXFileSystemSynchronizedRootGroup section */

/* Begin PBXFrameworksBuildPhase section */
		080A18862CBA720A00061574 /* Frameworks */ = {
			isa = PBXFrameworksBuildPhase;
			buildActionMask = 2147483647;
			files = (
			);
			runOnlyForDeploymentPostprocessing = 0;
		};
		18E0266A2CBE73C8008F247C /* Frameworks */ = {
			isa = PBXFrameworksBuildPhase;
			buildActionMask = 2147483647;
			files = (
				18E026722CBE73C9008F247C /* UserNotificationsUI.framework in Frameworks */,
				18E026702CBE73C9008F247C /* UserNotifications.framework in Frameworks */,
			);
			runOnlyForDeploymentPostprocessing = 0;
		};
/* End PBXFrameworksBuildPhase section */

/* Begin PBXGroup section */
		080A18802CBA720A00061574 = {
			isa = PBXGroup;
			children = (
				182159582CBEB388008BA2AD /* DemoAssignmentIA */,
				18E026732CBE73C9008F247C /* CustomNotification */,
				18E0266E2CBE73C8008F247C /* Frameworks */,
				080A188A2CBA720A00061574 /* Products */,
			);
			sourceTree = "<group>";
		};
		080A188A2CBA720A00061574 /* Products */ = {
			isa = PBXGroup;
			children = (
				080A18892CBA720A00061574 /* DemoAssignmentIA.app */,
				18E0266D2CBE73C8008F247C /* CustomNotification.appex */,
			);
			name = Products;
			sourceTree = "<group>";
		};
		1821594B2CBEB388008BA2AD /* Application */ = {
			isa = PBXGroup;
			children = (
				1821594A2CBEB388008BA2AD /* AppDelegate.swift */,
			);
			path = Application;
			sourceTree = "<group>";
		};
		1821594D2CBEB388008BA2AD /* CallManager */ = {
			isa = PBXGroup;
			children = (
				1821594C2CBEB388008BA2AD /* CallManager.swift */,
			);
			path = CallManager;
			sourceTree = "<group>";
		};
		182159502CBEB388008BA2AD /* Controller */ = {
			isa = PBXGroup;
			children = (
				1821594E2CBEB388008BA2AD /* HomeController.swift */,
				1821594F2CBEB388008BA2AD /* IncomingCallController.swift */,
			);
			path = Controller;
			sourceTree = "<group>";
		};
		182159532CBEB388008BA2AD /* Helper */ = {
			isa = PBXGroup;
			children = (
				182159512CBEB388008BA2AD /* Constants.swift */,
				182159522CBEB388008BA2AD /* CustomViews.swift */,
			);
			path = Helper;
			sourceTree = "<group>";
		};
		182159582CBEB388008BA2AD /* DemoAssignmentIA */ = {
			isa = PBXGroup;
			children = (
				1821594B2CBEB388008BA2AD /* Application */,
				1821594D2CBEB388008BA2AD /* CallManager */,
				182159502CBEB388008BA2AD /* Controller */,
				182159532CBEB388008BA2AD /* Helper */,
				182159542CBEB388008BA2AD /* Assets.xcassets */,
				182159552CBEB388008BA2AD /* Info.plist */,
				182159572CBEB388008BA2AD /* LaunchScreen.storyboard */,
			);
			path = DemoAssignmentIA;
			sourceTree = "<group>";
		};
		18E0266E2CBE73C8008F247C /* Frameworks */ = {
			isa = PBXGroup;
			children = (
				18E0266F2CBE73C8008F247C /* UserNotifications.framework */,
				18E026712CBE73C9008F247C /* UserNotificationsUI.framework */,
			);
			name = Frameworks;
			sourceTree = "<group>";
		};
/* End PBXGroup section */

/* Begin PBXNativeTarget section */
		080A18882CBA720A00061574 /* DemoAssignmentIA */ = {
			isa = PBXNativeTarget;
			buildConfigurationList = 080A189D2CBA720A00061574 /* Build configuration list for PBXNativeTarget "DemoAssignmentIA" */;
			buildPhases = (
				080A18852CBA720A00061574 /* Sources */,
				080A18862CBA720A00061574 /* Frameworks */,
				080A18872CBA720A00061574 /* Resources */,
				18E026812CBE73C9008F247C /* Embed Foundation Extensions */,
			);
			buildRules = (
			);
			dependencies = (
				18E0267B2CBE73C9008F247C /* PBXTargetDependency */,
			);
			name = DemoAssignmentIA;
			productName = DemoAssignmentIA;
			productReference = 080A18892CBA720A00061574 /* DemoAssignmentIA.app */;
			productType = "com.apple.product-type.application";
		};
		18E0266C2CBE73C8008F247C /* CustomNotification */ = {
			isa = PBXNativeTarget;
			buildConfigurationList = 18E0267E2CBE73C9008F247C /* Build configuration list for PBXNativeTarget "CustomNotification" */;
			buildPhases = (
				18E026692CBE73C8008F247C /* Sources */,
				18E0266A2CBE73C8008F247C /* Frameworks */,
				18E0266B2CBE73C8008F247C /* Resources */,
			);
			buildRules = (
			);
			dependencies = (
			);
			fileSystemSynchronizedGroups = (
				18E026732CBE73C9008F247C /* CustomNotification */,
			);
			name = CustomNotification;
			packageProductDependencies = (
			);
			productName = CustomNotification;
			productReference = 18E0266D2CBE73C8008F247C /* CustomNotification.appex */;
			productType = "com.apple.product-type.app-extension";
		};
/* End PBXNativeTarget section */

/* Begin PBXProject section */
		080A18812CBA720A00061574 /* Project object */ = {
			isa = PBXProject;
			attributes = {
				BuildIndependentTargetsInParallel = 1;
				LastSwiftUpdateCheck = 1600;
				LastUpgradeCheck = 1540;
				TargetAttributes = {
					080A18882CBA720A00061574 = {
						CreatedOnToolsVersion = 15.4;
					};
					18E0266C2CBE73C8008F247C = {
						CreatedOnToolsVersion = 16.0;
					};
				};
			};
			buildConfigurationList = 080A18842CBA720A00061574 /* Build configuration list for PBXProject "DemoAssignmentIA" */;
			compatibilityVersion = "Xcode 14.0";
			developmentRegion = en;
			hasScannedForEncodings = 0;
			knownRegions = (
				en,
				Base,
			);
			mainGroup = 080A18802CBA720A00061574;
			productRefGroup = 080A188A2CBA720A00061574 /* Products */;
			projectDirPath = "";
			projectRoot = "";
			targets = (
				080A18882CBA720A00061574 /* DemoAssignmentIA */,
				18E0266C2CBE73C8008F247C /* CustomNotification */,
			);
		};
/* End PBXProject section */

/* Begin PBXResourcesBuildPhase section */
		080A18872CBA720A00061574 /* Resources */ = {
			isa = PBXResourcesBuildPhase;
			buildActionMask = 2147483647;
			files = (
				182159592CBEB388008BA2AD /* Assets.xcassets in Resources */,
				182159642CBEB388008BA2AD /* Base in Resources */,
			);
			runOnlyForDeploymentPostprocessing = 0;
		};
		18E0266B2CBE73C8008F247C /* Resources */ = {
			isa = PBXResourcesBuildPhase;
			buildActionMask = 2147483647;
			files = (
				182159632CBEB388008BA2AD /* Assets.xcassets in Resources */,
			);
			runOnlyForDeploymentPostprocessing = 0;
		};
/* End PBXResourcesBuildPhase section */

/* Begin PBXSourcesBuildPhase section */
		080A18852CBA720A00061574 /* Sources */ = {
			isa = PBXSourcesBuildPhase;
			buildActionMask = 2147483647;
			files = (
				1821595C2CBEB388008BA2AD /* AppDelegate.swift in Sources */,
				1821595D2CBEB388008BA2AD /* CallManager.swift in Sources */,
				1821595E2CBEB388008BA2AD /* HomeController.swift in Sources */,
				1821595F2CBEB388008BA2AD /* IncomingCallController.swift in Sources */,
				182159602CBEB388008BA2AD /* Constants.swift in Sources */,
				182159612CBEB388008BA2AD /* CustomViews.swift in Sources */,
			);
			runOnlyForDeploymentPostprocessing = 0;
		};
		18E026692CBE73C8008F247C /* Sources */ = {
			isa = PBXSourcesBuildPhase;
			buildActionMask = 2147483647;
			files = (
				182159622CBEB388008BA2AD /* Constants.swift in Sources */,
			);
			runOnlyForDeploymentPostprocessing = 0;
		};
/* End PBXSourcesBuildPhase section */

/* Begin PBXTargetDependency section */
		18E0267B2CBE73C9008F247C /* PBXTargetDependency */ = {
			isa = PBXTargetDependency;
			target = 18E0266C2CBE73C8008F247C /* CustomNotification */;
			targetProxy = 18E0267A2CBE73C9008F247C /* PBXContainerItemProxy */;
		};
/* End PBXTargetDependency section */

/* Begin PBXVariantGroup section */
		182159572CBEB388008BA2AD /* LaunchScreen.storyboard */ = {
			isa = PBXVariantGroup;
			children = (
				182159562CBEB388008BA2AD /* Base */,
			);
			name = LaunchScreen.storyboard;
			sourceTree = "<group>";
		};
/* End PBXVariantGroup section */

/* Begin XCBuildConfiguration section */
		080A189B2CBA720A00061574 /* Debug */ = {
			isa = XCBuildConfiguration;
			buildSettings = {
				ALWAYS_SEARCH_USER_PATHS = NO;
				ASSETCATALOG_COMPILER_GENERATE_SWIFT_ASSET_SYMBOL_EXTENSIONS = YES;
				CLANG_ANALYZER_NONNULL = YES;
				CLANG_ANALYZER_NUMBER_OBJECT_CONVERSION = YES_AGGRESSIVE;
				CLANG_CXX_LANGUAGE_STANDARD = "gnu++20";
				CLANG_ENABLE_MODULES = YES;
				CLANG_ENABLE_OBJC_ARC = YES;
				CLANG_ENABLE_OBJC_WEAK = YES;
				CLANG_WARN_BLOCK_CAPTURE_AUTORELEASING = YES;
				CLANG_WARN_BOOL_CONVERSION = YES;
				CLANG_WARN_COMMA = YES;
				CLANG_WARN_CONSTANT_CONVERSION = YES;
				CLANG_WARN_DEPRECATED_OBJC_IMPLEMENTATIONS = YES;
				CLANG_WARN_DIRECT_OBJC_ISA_USAGE = YES_ERROR;
				CLANG_WARN_DOCUMENTATION_COMMENTS = YES;
				CLANG_WARN_EMPTY_BODY = YES;
				CLANG_WARN_ENUM_CONVERSION = YES;
				CLANG_WARN_INFINITE_RECURSION = YES;
				CLANG_WARN_INT_CONVERSION = YES;
				CLANG_WARN_NON_LITERAL_NULL_CONVERSION = YES;
				CLANG_WARN_OBJC_IMPLICIT_RETAIN_SELF = YES;
				CLANG_WARN_OBJC_LITERAL_CONVERSION = YES;
				CLANG_WARN_OBJC_ROOT_CLASS = YES_ERROR;
				CLANG_WARN_QUOTED_INCLUDE_IN_FRAMEWORK_HEADER = YES;
				CLANG_WARN_RANGE_LOOP_ANALYSIS = YES;
				CLANG_WARN_STRICT_PROTOTYPES = YES;
				CLANG_WARN_SUSPICIOUS_MOVE = YES;
				CLANG_WARN_UNGUARDED_AVAILABILITY = YES_AGGRESSIVE;
				CLANG_WARN_UNREACHABLE_CODE = YES;
				CLANG_WARN__DUPLICATE_METHOD_MATCH = YES;
				COPY_PHASE_STRIP = NO;
				DEBUG_INFORMATION_FORMAT = dwarf;
				ENABLE_STRICT_OBJC_MSGSEND = YES;
				ENABLE_TESTABILITY = YES;
				ENABLE_USER_SCRIPT_SANDBOXING = YES;
				GCC_C_LANGUAGE_STANDARD = gnu17;
				GCC_DYNAMIC_NO_PIC = NO;
				GCC_NO_COMMON_BLOCKS = YES;
				GCC_OPTIMIZATION_LEVEL = 0;
				GCC_PREPROCESSOR_DEFINITIONS = (
					"DEBUG=1",
					"$(inherited)",
				);
				GCC_WARN_64_TO_32_BIT_CONVERSION = YES;
				GCC_WARN_ABOUT_RETURN_TYPE = YES_ERROR;
				GCC_WARN_UNDECLARED_SELECTOR = YES;
				GCC_WARN_UNINITIALIZED_AUTOS = YES_AGGRESSIVE;
				GCC_WARN_UNUSED_FUNCTION = YES;
				GCC_WARN_UNUSED_VARIABLE = YES;
				IPHONEOS_DEPLOYMENT_TARGET = 17.5;
				LOCALIZATION_PREFERS_STRING_CATALOGS = YES;
				MTL_ENABLE_DEBUG_INFO = INCLUDE_SOURCE;
				MTL_FAST_MATH = YES;
				ONLY_ACTIVE_ARCH = YES;
				SDKROOT = iphoneos;
				SWIFT_ACTIVE_COMPILATION_CONDITIONS = "DEBUG $(inherited)";
				SWIFT_OPTIMIZATION_LEVEL = "-Onone";
			};
			name = Debug;
		};
		080A189C2CBA720A00061574 /* Release */ = {
			isa = XCBuildConfiguration;
			buildSettings = {
				ALWAYS_SEARCH_USER_PATHS = NO;
				ASSETCATALOG_COMPILER_GENERATE_SWIFT_ASSET_SYMBOL_EXTENSIONS = YES;
				CLANG_ANALYZER_NONNULL = YES;
				CLANG_ANALYZER_NUMBER_OBJECT_CONVERSION = YES_AGGRESSIVE;
				CLANG_CXX_LANGUAGE_STANDARD = "gnu++20";
				CLANG_ENABLE_MODULES = YES;
				CLANG_ENABLE_OBJC_ARC = YES;
				CLANG_ENABLE_OBJC_WEAK = YES;
				CLANG_WARN_BLOCK_CAPTURE_AUTORELEASING = YES;
				CLANG_WARN_BOOL_CONVERSION = YES;
				CLANG_WARN_COMMA = YES;
				CLANG_WARN_CONSTANT_CONVERSION = YES;
				CLANG_WARN_DEPRECATED_OBJC_IMPLEMENTATIONS = YES;
				CLANG_WARN_DIRECT_OBJC_ISA_USAGE = YES_ERROR;
				CLANG_WARN_DOCUMENTATION_COMMENTS = YES;
				CLANG_WARN_EMPTY_BODY = YES;
				CLANG_WARN_ENUM_CONVERSION = YES;
				CLANG_WARN_INFINITE_RECURSION = YES;
				CLANG_WARN_INT_CONVERSION = YES;
				CLANG_WARN_NON_LITERAL_NULL_CONVERSION = YES;
				CLANG_WARN_OBJC_IMPLICIT_RETAIN_SELF = YES;
				CLANG_WARN_OBJC_LITERAL_CONVERSION = YES;
				CLANG_WARN_OBJC_ROOT_CLASS = YES_ERROR;
				CLANG_WARN_QUOTED_INCLUDE_IN_FRAMEWORK_HEADER = YES;
				CLANG_WARN_RANGE_LOOP_ANALYSIS = YES;
				CLANG_WARN_STRICT_PROTOTYPES = YES;
				CLANG_WARN_SUSPICIOUS_MOVE = YES;
				CLANG_WARN_UNGUARDED_AVAILABILITY = YES_AGGRESSIVE;
				CLANG_WARN_UNREACHABLE_CODE = YES;
				CLANG_WARN__DUPLICATE_METHOD_MATCH = YES;
				COPY_PHASE_STRIP = NO;
				DEBUG_INFORMATION_FORMAT = "dwarf-with-dsym";
				ENABLE_NS_ASSERTIONS = NO;
				ENABLE_STRICT_OBJC_MSGSEND = YES;
				ENABLE_USER_SCRIPT_SANDBOXING = YES;
				GCC_C_LANGUAGE_STANDARD = gnu17;
				GCC_NO_COMMON_BLOCKS = YES;
				GCC_WARN_64_TO_32_BIT_CONVERSION = YES;
				GCC_WARN_ABOUT_RETURN_TYPE = YES_ERROR;
				GCC_WARN_UNDECLARED_SELECTOR = YES;
				GCC_WARN_UNINITIALIZED_AUTOS = YES_AGGRESSIVE;
				GCC_WARN_UNUSED_FUNCTION = YES;
				GCC_WARN_UNUSED_VARIABLE = YES;
				IPHONEOS_DEPLOYMENT_TARGET = 17.5;
				LOCALIZATION_PREFERS_STRING_CATALOGS = YES;
				MTL_ENABLE_DEBUG_INFO = NO;
				MTL_FAST_MATH = YES;
				SDKROOT = iphoneos;
				SWIFT_COMPILATION_MODE = wholemodule;
				VALIDATE_PRODUCT = YES;
			};
			name = Release;
		};
		080A189E2CBA720A00061574 /* Debug */ = {
			isa = XCBuildConfiguration;
			buildSettings = {
				ASSETCATALOG_COMPILER_APPICON_NAME = AppIcon;
				ASSETCATALOG_COMPILER_GLOBAL_ACCENT_COLOR_NAME = AccentColor;
				CODE_SIGN_STYLE = Automatic;
				CURRENT_PROJECT_VERSION = 1;
				GENERATE_INFOPLIST_FILE = YES;
				INFOPLIST_FILE = DemoAssignmentIA/Info.plist;
				INFOPLIST_KEY_UIApplicationSupportsIndirectInputEvents = YES;
				INFOPLIST_KEY_UILaunchStoryboardName = LaunchScreen;
				INFOPLIST_KEY_UIMainStoryboardFile = "";
				INFOPLIST_KEY_UISupportedInterfaceOrientations_iPad = "UIInterfaceOrientationPortrait UIInterfaceOrientationPortraitUpsideDown UIInterfaceOrientationLandscapeLeft UIInterfaceOrientationLandscapeRight";
				INFOPLIST_KEY_UISupportedInterfaceOrientations_iPhone = "UIInterfaceOrientationPortrait UIInterfaceOrientationLandscapeLeft UIInterfaceOrientationLandscapeRight";
				IPHONEOS_DEPLOYMENT_TARGET = 13.0;
				LD_RUNPATH_SEARCH_PATHS = (
					"$(inherited)",
					"@executable_path/Frameworks",
				);
				MARKETING_VERSION = 1.0;
				PRODUCT_BUNDLE_IDENTIFIER = com.test.DemoAssignmentIA;
				PRODUCT_NAME = "$(TARGET_NAME)";
				SWIFT_EMIT_LOC_STRINGS = YES;
				SWIFT_VERSION = 5.0;
				TARGETED_DEVICE_FAMILY = "1,2";
			};
			name = Debug;
		};
		080A189F2CBA720A00061574 /* Release */ = {
			isa = XCBuildConfiguration;
			buildSettings = {
				ASSETCATALOG_COMPILER_APPICON_NAME = AppIcon;
				ASSETCATALOG_COMPILER_GLOBAL_ACCENT_COLOR_NAME = AccentColor;
				CODE_SIGN_STYLE = Automatic;
				CURRENT_PROJECT_VERSION = 1;
				GENERATE_INFOPLIST_FILE = YES;
				INFOPLIST_FILE = DemoAssignmentIA/Info.plist;
				INFOPLIST_KEY_UIApplicationSupportsIndirectInputEvents = YES;
				INFOPLIST_KEY_UILaunchStoryboardName = LaunchScreen;
				INFOPLIST_KEY_UIMainStoryboardFile = "";
				INFOPLIST_KEY_UISupportedInterfaceOrientations_iPad = "UIInterfaceOrientationPortrait UIInterfaceOrientationPortraitUpsideDown UIInterfaceOrientationLandscapeLeft UIInterfaceOrientationLandscapeRight";
				INFOPLIST_KEY_UISupportedInterfaceOrientations_iPhone = "UIInterfaceOrientationPortrait UIInterfaceOrientationLandscapeLeft UIInterfaceOrientationLandscapeRight";
				IPHONEOS_DEPLOYMENT_TARGET = 13.0;
				LD_RUNPATH_SEARCH_PATHS = (
					"$(inherited)",
					"@executable_path/Frameworks",
				);
				MARKETING_VERSION = 1.0;
				PRODUCT_BUNDLE_IDENTIFIER = com.test.DemoAssignmentIA;
				PRODUCT_NAME = "$(TARGET_NAME)";
				SWIFT_EMIT_LOC_STRINGS = YES;
				SWIFT_VERSION = 5.0;
				TARGETED_DEVICE_FAMILY = "1,2";
			};
			name = Release;
		};
		18E0267F2CBE73C9008F247C /* Debug */ = {
			isa = XCBuildConfiguration;
			buildSettings = {
				CODE_SIGN_STYLE = Automatic;
				CURRENT_PROJECT_VERSION = 1;
				GENERATE_INFOPLIST_FILE = YES;
				INFOPLIST_FILE = CustomNotification/Info.plist;
				INFOPLIST_KEY_CFBundleDisplayName = CustomNotification;
				INFOPLIST_KEY_NSHumanReadableCopyright = "";
				IPHONEOS_DEPLOYMENT_TARGET = 13.0;
				LD_RUNPATH_SEARCH_PATHS = (
					"$(inherited)",
					"@executable_path/Frameworks",
					"@executable_path/../../Frameworks",
				);
				MARKETING_VERSION = 1.0;
				PRODUCT_BUNDLE_IDENTIFIER = com.test.DemoAssignmentIA.CustomNotification;
				PRODUCT_NAME = "$(TARGET_NAME)";
				SKIP_INSTALL = YES;
				SWIFT_EMIT_LOC_STRINGS = YES;
				SWIFT_VERSION = 5.0;
				TARGETED_DEVICE_FAMILY = "1,2";
			};
			name = Debug;
		};
		18E026802CBE73C9008F247C /* Release */ = {
			isa = XCBuildConfiguration;
			buildSettings = {
				CODE_SIGN_STYLE = Automatic;
				CURRENT_PROJECT_VERSION = 1;
				GENERATE_INFOPLIST_FILE = YES;
				INFOPLIST_FILE = CustomNotification/Info.plist;
				INFOPLIST_KEY_CFBundleDisplayName = CustomNotification;
				INFOPLIST_KEY_NSHumanReadableCopyright = "";
				IPHONEOS_DEPLOYMENT_TARGET = 13.0;
				LD_RUNPATH_SEARCH_PATHS = (
					"$(inherited)",
					"@executable_path/Frameworks",
					"@executable_path/../../Frameworks",
				);
				MARKETING_VERSION = 1.0;
				PRODUCT_BUNDLE_IDENTIFIER = com.test.DemoAssignmentIA.CustomNotification;
				PRODUCT_NAME = "$(TARGET_NAME)";
				SKIP_INSTALL = YES;
				SWIFT_EMIT_LOC_STRINGS = YES;
				SWIFT_VERSION = 5.0;
				TARGETED_DEVICE_FAMILY = "1,2";
			};
			name = Release;
		};
/* End XCBuildConfiguration section */

/* Begin XCConfigurationList section */
		080A18842CBA720A00061574 /* Build configuration list for PBXProject "DemoAssignmentIA" */ = {
			isa = XCConfigurationList;
			buildConfigurations = (
				080A189B2CBA720A00061574 /* Debug */,
				080A189C2CBA720A00061574 /* Release */,
			);
			defaultConfigurationIsVisible = 0;
			defaultConfigurationName = Release;
		};
		080A189D2CBA720A00061574 /* Build configuration list for PBXNativeTarget "DemoAssignmentIA" */ = {
			isa = XCConfigurationList;
			buildConfigurations = (
				080A189E2CBA720A00061574 /* Debug */,
				080A189F2CBA720A00061574 /* Release */,
			);
			defaultConfigurationIsVisible = 0;
			defaultConfigurationName = Release;
		};
		18E0267E2CBE73C9008F247C /* Build configuration list for PBXNativeTarget "CustomNotification" */ = {
			isa = XCConfigurationList;
			buildConfigurations = (
				18E0267F2CBE73C9008F247C /* Debug */,
				18E026802CBE73C9008F247C /* Release */,
			);
			defaultConfigurationIsVisible = 0;
			defaultConfigurationName = Release;
		};
/* End XCConfigurationList section */
	};
	rootObject = 080A18812CBA720A00061574 /* Project object */;
}
